
Microsoft Visual Studio Solution File, Format Version 12.00
# Visual Studio Version 16
VisualStudioVersion = 16.0.30804.86
MinimumVisualStudioVersion = 10.0.40219.1
Project("{9A19103F-16F7-4668-BE54-9A1E7A4F7556}") = "WebApplication1", "WebApplication1\WebApplication1.csproj", "{FE96135D-2569-4AB2-B1CB-18F80A1151FD}"
EndProject
Global
	GlobalSection(SolutionConfigurationPlatforms) = preSolution
		Debug|Any CPU = Debug|Any CPU
		Release|Any CPU = Release|Any CPU
	EndGlobalSection
	GlobalSection(ProjectConfigurationPlatforms) = postSolution
		{FE96135D-2569-4AB2-B1CB-18F80A1151FD}.Debug|Any CPU.ActiveCfg = Debug|Any CPU
		{FE96135D-2569-4AB2-B1CB-18F80A1151FD}.Debug|Any CPU.Build.0 = Debug|Any CPU
		{FE96135D-2569-4AB2-B1CB-18F80A1151FD}.Release|Any CPU.ActiveCfg = Release|Any CPU
		{FE96135D-2569-4AB2-B1CB-18F80A1151FD}.Release|Any CPU.Build.0 = Release|Any CPU
	EndGlobalSection
	GlobalSection(SolutionProperties) = preSolution
		HideSolutionNode = FALSE
	EndGlobalSection
	GlobalSection(ExtensibilityGlobals) = postSolution
		SolutionGuid = {8D4EAA56-A46D-4681-9A10-768E90AA723E}
	EndGlobalSection
EndGlobal
